{
  "requires": true,
  "lockfileVersion": 1,
  "dependencies": {
    "async-limiter": {
      "version": "1.0.0",
      "resolved": "https://registry.npmjs.org/async-limiter/-/async-limiter-1.0.0.tgz",
      "integrity": "sha512-jp/uFnooOiO+L211eZOoSyzpOITMXx1rBITauYykG3BRYPu8h0UcxsPNB04RR5vo4Tyz3+ay17tR6JVf9qzYWg=="
    },
    "convert-css-color-name-to-hex": {
      "version": "0.1.1",
      "resolved": "https://registry.npmjs.org/convert-css-color-name-to-hex/-/convert-css-color-name-to-hex-0.1.1.tgz",
      "integrity": "sha1-OKxNJ8pHBZP9ZjsYoHKjCJJqNaI=",
      "requires": {
        "css-color-names": "0.0.3",
        "is-css-color-name": "0.1.3"
      }
    },
    "css-color-names": {
      "version": "0.0.3",
      "resolved": "https://registry.npmjs.org/css-color-names/-/css-color-names-0.0.3.tgz",
      "integrity": "sha1-3gzvFvTYqoIioyDVttfpu62nufY="
    },
    "discord.js": {
      "version": "github:hydrabolt/discord.js#31873eb3a5133a1ed161c110ccb0b99ca5cd6390",
      "requires": {
        "pako": "1.0.6",
        "prism-media": "github:hydrabolt/prism-media#f6737178d10665934669ab2ff3da23a5ecc23e8c",
        "snekfetch": "3.6.3",
        "tweetnacl": "1.0.0",
        "ws": "3.3.3"
      }
    },
    "is-css-color-name": {
      "version": "0.1.3",
      "resolved": "https://registry.npmjs.org/is-css-color-name/-/is-css-color-name-0.1.3.tgz",
      "integrity": "sha1-6jtRvJAdiiQ9Msm3hz0GgNu+9/E=",
      "requires": {
        "css-color-names": "0.0.2"
      },
      "dependencies": {
        "css-color-names": {
          "version": "0.0.2",
          "resolved": "https://registry.npmjs.org/css-color-names/-/css-color-names-0.0.2.tgz",
          "integrity": "sha1-+6GOjP+GV5Vy10nBRsR+6D8OqVU="
        }
      }
    },
    "pako": {
      "version": "1.0.6",
      "resolved": "https://registry.npmjs.org/pako/-/pako-1.0.6.tgz",
      "integrity": "sha512-lQe48YPsMJAig+yngZ87Lus+NF+3mtu7DVOBu6b/gHO1YpKwIj5AWjZ/TOS7i46HD/UixzWb1zeWDZfGZ3iYcg=="
    },
    "prism-media": {
      "version": "github:hydrabolt/prism-media#f6737178d10665934669ab2ff3da23a5ecc23e8c"
    },
    "safe-buffer": {
      "version": "5.1.1",
      "resolved": "https://registry.npmjs.org/safe-buffer/-/safe-buffer-5.1.1.tgz",
      "integrity": "sha512-kKvNJn6Mm93gAczWVJg7wH+wGYWNrDHdWvpUmHyEsgCtIwwo3bqPtV4tR5tuPaUhTOo/kvhVwd8XwwOllGYkbg=="
    },
    "snekfetch": {
      "version": "3.6.3",
      "resolved": "https://registry.npmjs.org/snekfetch/-/snekfetch-3.6.3.tgz",
      "integrity": "sha512-DURDkvW3SrFBdCmbsG904j7PmIJJSqOquYftTn6K/rk8wGK6TAILIPuLFZLweodGdjuRCbDQoSUnhGLaXBkA3A=="
    },
    "tweetnacl": {
      "version": "1.0.0",
      "resolved": "https://registry.npmjs.org/tweetnacl/-/tweetnacl-1.0.0.tgz",
      "integrity": "sha1-cT2LgY2kIGh0C/aDhtBHnmb8ins="
    },
    "ultron": {
      "version": "1.1.1",
      "resolved": "https://registry.npmjs.org/ultron/-/ultron-1.1.1.tgz",
      "integrity": "sha512-UIEXBNeYmKptWH6z8ZnqTeS8fV74zG0/eRU9VGkpzz+LIJNs8W/zM/L+7ctCkRrgbNnnR0xxw4bKOr0cW0N0Og=="
    },
    "ws": {
      "version": "3.3.3",
      "resolved": "https://registry.npmjs.org/ws/-/ws-3.3.3.tgz",
      "integrity": "sha512-nnWLa/NwZSt4KQJu51MYlCcSQ5g7INpOrOMt4XV8j4dqTXdmlUmSHQ8/oLC069ckre0fRsgfvsKwbTdtKLCDkA==",
      "requires": {
        "async-limiter": "1.0.0",
        "safe-buffer": "5.1.1",
        "ultron": "1.1.1"
      }
    }
  }
}
